// !$*UTF8*$!
{
	archiveVersion = 1;
	classes = {
	};
	objectVersion = 56;
	objects = {

/* Begin PBXBuildFile section */
		5454D7432BDBC672009E4685 /* AppDelegate.swift in Sources */ = {isa = PBXBuildFile; fileRef = 5454D7422BDBC672009E4685 /* AppDelegate.swift */; };
		5454D7452BDBC672009E4685 /* SceneDelegate.swift in Sources */ = {isa = PBXBuildFile; fileRef = 5454D7442BDBC672009E4685 /* SceneDelegate.swift */; };
		5454D7472BDBC672009E4685 /* AuthViewController.swift in Sources */ = {isa = PBXBuildFile; fileRef = 5454D7462BDBC672009E4685 /* AuthViewController.swift */; };
		5454D74C2BDBC674009E4685 /* Assets.xcassets in Resources */ = {isa = PBXBuildFile; fileRef = 5454D74B2BDBC674009E4685 /* Assets.xcassets */; };
		5454D74F2BDBC674009E4685 /* Base in Resources */ = {isa = PBXBuildFile; fileRef = 5454D74E2BDBC674009E4685 /* Base */; };
		5454D7572BDBD256009E4685 /* UIButton + Extension.swift in Sources */ = {isa = PBXBuildFile; fileRef = 5454D7562BDBD256009E4685 /* UIButton + Extension.swift */; };
		5454D7592BDBD7EB009E4685 /* UIFont + Extension.swift in Sources */ = {isa = PBXBuildFile; fileRef = 5454D7582BDBD7EB009E4685 /* UIFont + Extension.swift */; };
		5454D75B2BDBD889009E4685 /* UIColor + Extension.swift in Sources */ = {isa = PBXBuildFile; fileRef = 5454D75A2BDBD889009E4685 /* UIColor + Extension.swift */; };
		5454D75D2BDBD9C5009E4685 /* UILabel + Extension.swift in Sources */ = {isa = PBXBuildFile; fileRef = 5454D75C2BDBD9C5009E4685 /* UILabel + Extension.swift */; };
		5454D75F2BDBDA1D009E4685 /* UIImageView + Extension.swift in Sources */ = {isa = PBXBuildFile; fileRef = 5454D75E2BDBDA1D009E4685 /* UIImageView + Extension.swift */; };
		54F09E132BDFB21D00D01DD2 /* ButtonFormView.swift in Sources */ = {isa = PBXBuildFile; fileRef = 54F09E122BDFB21D00D01DD2 /* ButtonFormView.swift */; };
		54F09E152BDFB49E00D01DD2 /* StackView + Extension.swift in Sources */ = {isa = PBXBuildFile; fileRef = 54F09E142BDFB49E00D01DD2 /* StackView + Extension.swift */; };
		54F09E172BDFB6C800D01DD2 /* SignUpViewController.swift in Sources */ = {isa = PBXBuildFile; fileRef = 54F09E162BDFB6C800D01DD2 /* SignUpViewController.swift */; };
		54F09E192BDFB80700D01DD2 /* OneLineTextField.swift in Sources */ = {isa = PBXBuildFile; fileRef = 54F09E182BDFB80700D01DD2 /* OneLineTextField.swift */; };
		54F09E1B2BDFBD8F00D01DD2 /* LoginViewController.swift in Sources */ = {isa = PBXBuildFile; fileRef = 54F09E1A2BDFBD8F00D01DD2 /* LoginViewController.swift */; };
/* End PBXBuildFile section */

/* Begin PBXFileReference section */
		5454D73F2BDBC672009E4685 /* MyChat.app */ = {isa = PBXFileReference; explicitFileType = wrapper.application; includeInIndex = 0; path = MyChat.app; sourceTree = BUILT_PRODUCTS_DIR; };
		5454D7422BDBC672009E4685 /* AppDelegate.swift */ = {isa = PBXFileReference; lastKnownFileType = sourcecode.swift; path = AppDelegate.swift; sourceTree = "<group>"; };
		5454D7442BDBC672009E4685 /* SceneDelegate.swift */ = {isa = PBXFileReference; lastKnownFileType = sourcecode.swift; path = SceneDelegate.swift; sourceTree = "<group>"; };
		5454D7462BDBC672009E4685 /* AuthViewController.swift */ = {isa = PBXFileReference; lastKnownFileType = sourcecode.swift; path = AuthViewController.swift; sourceTree = "<group>"; };
		5454D74B2BDBC674009E4685 /* Assets.xcassets */ = {isa = PBXFileReference; lastKnownFileType = folder.assetcatalog; path = Assets.xcassets; sourceTree = "<group>"; };
		5454D74E2BDBC674009E4685 /* Base */ = {isa = PBXFileReference; lastKnownFileType = file.storyboard; name = Base; path = Base.lproj/LaunchScreen.storyboard; sourceTree = "<group>"; };
		5454D7502BDBC674009E4685 /* Info.plist */ = {isa = PBXFileReference; lastKnownFileType = text.plist.xml; path = Info.plist; sourceTree = "<group>"; };
		5454D7562BDBD256009E4685 /* UIButton + Extension.swift */ = {isa = PBXFileReference; lastKnownFileType = sourcecode.swift; path = "UIButton + Extension.swift"; sourceTree = "<group>"; };
		5454D7582BDBD7EB009E4685 /* UIFont + Extension.swift */ = {isa = PBXFileReference; lastKnownFileType = sourcecode.swift; path = "UIFont + Extension.swift"; sourceTree = "<group>"; };
		5454D75A2BDBD889009E4685 /* UIColor + Extension.swift */ = {isa = PBXFileReference; lastKnownFileType = sourcecode.swift; path = "UIColor + Extension.swift"; sourceTree = "<group>"; };
		5454D75C2BDBD9C5009E4685 /* UILabel + Extension.swift */ = {isa = PBXFileReference; lastKnownFileType = sourcecode.swift; path = "UILabel + Extension.swift"; sourceTree = "<group>"; };
		5454D75E2BDBDA1D009E4685 /* UIImageView + Extension.swift */ = {isa = PBXFileReference; lastKnownFileType = sourcecode.swift; path = "UIImageView + Extension.swift"; sourceTree = "<group>"; };
		54F09E122BDFB21D00D01DD2 /* ButtonFormView.swift */ = {isa = PBXFileReference; lastKnownFileType = sourcecode.swift; path = ButtonFormView.swift; sourceTree = "<group>"; };
		54F09E142BDFB49E00D01DD2 /* StackView + Extension.swift */ = {isa = PBXFileReference; lastKnownFileType = sourcecode.swift; path = "StackView + Extension.swift"; sourceTree = "<group>"; };
		54F09E162BDFB6C800D01DD2 /* SignUpViewController.swift */ = {isa = PBXFileReference; lastKnownFileType = sourcecode.swift; path = SignUpViewController.swift; sourceTree = "<group>"; };
		54F09E182BDFB80700D01DD2 /* OneLineTextField.swift */ = {isa = PBXFileReference; lastKnownFileType = sourcecode.swift; path = OneLineTextField.swift; sourceTree = "<group>"; };
		54F09E1A2BDFBD8F00D01DD2 /* LoginViewController.swift */ = {isa = PBXFileReference; lastKnownFileType = sourcecode.swift; path = LoginViewController.swift; sourceTree = "<group>"; };
/* End PBXFileReference section */

/* Begin PBXFrameworksBuildPhase section */
		5454D73C2BDBC672009E4685 /* Frameworks */ = {
			isa = PBXFrameworksBuildPhase;
			buildActionMask = 2147483647;
			files = (
			);
			runOnlyForDeploymentPostprocessing = 0;
		};
/* End PBXFrameworksBuildPhase section */

/* Begin PBXGroup section */
		5454D7362BDBC672009E4685 = {
			isa = PBXGroup;
			children = (
				5454D7412BDBC672009E4685 /* MyChat */,
				5454D7402BDBC672009E4685 /* Products */,
			);
			sourceTree = "<group>";
		};
		5454D7402BDBC672009E4685 /* Products */ = {
			isa = PBXGroup;
			children = (
				5454D73F2BDBC672009E4685 /* MyChat.app */,
			);
			name = Products;
			sourceTree = "<group>";
		};
		5454D7412BDBC672009E4685 /* MyChat */ = {
			isa = PBXGroup;
			children = (
				5454D7422BDBC672009E4685 /* AppDelegate.swift */,
				5454D7442BDBC672009E4685 /* SceneDelegate.swift */,
				5454D7462BDBC672009E4685 /* AuthViewController.swift */,
				54F09E162BDFB6C800D01DD2 /* SignUpViewController.swift */,
				54F09E1A2BDFBD8F00D01DD2 /* LoginViewController.swift */,
				54F09E102BDFB0C900D01DD2 /* Extensions */,
				5454D74B2BDBC674009E4685 /* Assets.xcassets */,
				5454D74D2BDBC674009E4685 /* LaunchScreen.storyboard */,
				5454D7502BDBC674009E4685 /* Info.plist */,
			);
			path = MyChat;
			sourceTree = "<group>";
		};
		54F09E102BDFB0C900D01DD2 /* Extensions */ = {
			isa = PBXGroup;
			children = (
				54F09E122BDFB21D00D01DD2 /* ButtonFormView.swift */,
				54F09E182BDFB80700D01DD2 /* OneLineTextField.swift */,
				54F09E112BDFB0D400D01DD2 /* UIKit */,
			);
			path = Extensions;
			sourceTree = "<group>";
		};
		54F09E112BDFB0D400D01DD2 /* UIKit */ = {
			isa = PBXGroup;
			children = (
				5454D75C2BDBD9C5009E4685 /* UILabel + Extension.swift */,
				5454D75A2BDBD889009E4685 /* UIColor + Extension.swift */,
				5454D7582BDBD7EB009E4685 /* UIFont + Extension.swift */,
				5454D7562BDBD256009E4685 /* UIButton + Extension.swift */,
				5454D75E2BDBDA1D009E4685 /* UIImageView + Extension.swift */,
				54F09E142BDFB49E00D01DD2 /* StackView + Extension.swift */,
			);
			path = UIKit;
			sourceTree = "<group>";
		};
/* End PBXGroup section */

/* Begin PBXNativeTarget section */
		5454D73E2BDBC672009E4685 /* MyChat */ = {
			isa = PBXNativeTarget;
			buildConfigurationList = 5454D7532BDBC674009E4685 /* Build configuration list for PBXNativeTarget "MyChat" */;
			buildPhases = (
				5454D73B2BDBC672009E4685 /* Sources */,
				5454D73C2BDBC672009E4685 /* Frameworks */,
				5454D73D2BDBC672009E4685 /* Resources */,
			);
			buildRules = (
			);
			dependencies = (
			);
			name = MyChat;
			productName = MyChat;
			productReference = 5454D73F2BDBC672009E4685 /* MyChat.app */;
			productType = "com.apple.product-type.application";
		};
/* End PBXNativeTarget section */

/* Begin PBXProject section */
		5454D7372BDBC672009E4685 /* Project object */ = {
			isa = PBXProject;
			attributes = {
				BuildIndependentTargetsInParallel = 1;
				LastSwiftUpdateCheck = 1530;
				LastUpgradeCheck = 1530;
				TargetAttributes = {
					5454D73E2BDBC672009E4685 = {
						CreatedOnToolsVersion = 15.3;
					};
				};
			};
			buildConfigurationList = 5454D73A2BDBC672009E4685 /* Build configuration list for PBXProject "MyChat" */;
			compatibilityVersion = "Xcode 14.0";
			developmentRegion = en;
			hasScannedForEncodings = 0;
			knownRegions = (
				en,
				Base,
			);
			mainGroup = 5454D7362BDBC672009E4685;
			productRefGroup = 5454D7402BDBC672009E4685 /* Products */;
			projectDirPath = "";
			projectRoot = "";
			targets = (
				5454D73E2BDBC672009E4685 /* MyChat */,
			);
		};
/* End PBXProject section */

/* Begin PBXResourcesBuildPhase section */
		5454D73D2BDBC672009E4685 /* Resources */ = {
			isa = PBXResourcesBuildPhase;
			buildActionMask = 2147483647;
			files = (
				5454D74C2BDBC674009E4685 /* Assets.xcassets in Resources */,
				5454D74F2BDBC674009E4685 /* Base in Resources */,
			);
			runOnlyForDeploymentPostprocessing = 0;
		};
/* End PBXResourcesBuildPhase section */

/* Begin PBXSourcesBuildPhase section */
		5454D73B2BDBC672009E4685 /* Sources */ = {
			isa = PBXSourcesBuildPhase;
			buildActionMask = 2147483647;
			files = (
				54F09E192BDFB80700D01DD2 /* OneLineTextField.swift in Sources */,
				54F09E172BDFB6C800D01DD2 /* SignUpViewController.swift in Sources */,
				5454D7592BDBD7EB009E4685 /* UIFont + Extension.swift in Sources */,
				5454D7472BDBC672009E4685 /* AuthViewController.swift in Sources */,
				5454D7432BDBC672009E4685 /* AppDelegate.swift in Sources */,
				54F09E132BDFB21D00D01DD2 /* ButtonFormView.swift in Sources */,
				5454D75D2BDBD9C5009E4685 /* UILabel + Extension.swift in Sources */,
				5454D75F2BDBDA1D009E4685 /* UIImageView + Extension.swift in Sources */,
				5454D75B2BDBD889009E4685 /* UIColor + Extension.swift in Sources */,
				5454D7452BDBC672009E4685 /* SceneDelegate.swift in Sources */,
				5454D7572BDBD256009E4685 /* UIButton + Extension.swift in Sources */,
				54F09E1B2BDFBD8F00D01DD2 /* LoginViewController.swift in Sources */,
				54F09E152BDFB49E00D01DD2 /* StackView + Extension.swift in Sources */,
			);
			runOnlyForDeploymentPostprocessing = 0;
		};
/* End PBXSourcesBuildPhase section */

/* Begin PBXVariantGroup section */
		5454D74D2BDBC674009E4685 /* LaunchScreen.storyboard */ = {
			isa = PBXVariantGroup;
			children = (
				5454D74E2BDBC674009E4685 /* Base */,
			);
			name = LaunchScreen.storyboard;
			sourceTree = "<group>";
		};
/* End PBXVariantGroup section */

/* Begin XCBuildConfiguration section */
		5454D7512BDBC674009E4685 /* Debug */ = {
			isa = XCBuildConfiguration;
			buildSettings = {
				ALWAYS_SEARCH_USER_PATHS = NO;
				ASSETCATALOG_COMPILER_GENERATE_SWIFT_ASSET_SYMBOL_EXTENSIONS = YES;
				CLANG_ANALYZER_NONNULL = YES;
				CLANG_ANALYZER_NUMBER_OBJECT_CONVERSION = YES_AGGRESSIVE;
				CLANG_CXX_LANGUAGE_STANDARD = "gnu++20";
				CLANG_ENABLE_MODULES = YES;
				CLANG_ENABLE_OBJC_ARC = YES;
				CLANG_ENABLE_OBJC_WEAK = YES;
				CLANG_WARN_BLOCK_CAPTURE_AUTORELEASING = YES;
				CLANG_WARN_BOOL_CONVERSION = YES;
				CLANG_WARN_COMMA = YES;
				CLANG_WARN_CONSTANT_CONVERSION = YES;
				CLANG_WARN_DEPRECATED_OBJC_IMPLEMENTATIONS = YES;
				CLANG_WARN_DIRECT_OBJC_ISA_USAGE = YES_ERROR;
				CLANG_WARN_DOCUMENTATION_COMMENTS = YES;
				CLANG_WARN_EMPTY_BODY = YES;
				CLANG_WARN_ENUM_CONVERSION = YES;
				CLANG_WARN_INFINITE_RECURSION = YES;
				CLANG_WARN_INT_CONVERSION = YES;
				CLANG_WARN_NON_LITERAL_NULL_CONVERSION = YES;
				CLANG_WARN_OBJC_IMPLICIT_RETAIN_SELF = YES;
				CLANG_WARN_OBJC_LITERAL_CONVERSION = YES;
				CLANG_WARN_OBJC_ROOT_CLASS = YES_ERROR;
				CLANG_WARN_QUOTED_INCLUDE_IN_FRAMEWORK_HEADER = YES;
				CLANG_WARN_RANGE_LOOP_ANALYSIS = YES;
				CLANG_WARN_STRICT_PROTOTYPES = YES;
				CLANG_WARN_SUSPICIOUS_MOVE = YES;
				CLANG_WARN_UNGUARDED_AVAILABILITY = YES_AGGRESSIVE;
				CLANG_WARN_UNREACHABLE_CODE = YES;
				CLANG_WARN__DUPLICATE_METHOD_MATCH = YES;
				COPY_PHASE_STRIP = NO;
				DEBUG_INFORMATION_FORMAT = dwarf;
				ENABLE_STRICT_OBJC_MSGSEND = YES;
				ENABLE_TESTABILITY = YES;
				ENABLE_USER_SCRIPT_SANDBOXING = YES;
				GCC_C_LANGUAGE_STANDARD = gnu17;
				GCC_DYNAMIC_NO_PIC = NO;
				GCC_NO_COMMON_BLOCKS = YES;
				GCC_OPTIMIZATION_LEVEL = 0;
				GCC_PREPROCESSOR_DEFINITIONS = (
					"DEBUG=1",
					"$(inherited)",
				);
				GCC_WARN_64_TO_32_BIT_CONVERSION = YES;
				GCC_WARN_ABOUT_RETURN_TYPE = YES_ERROR;
				GCC_WARN_UNDECLARED_SELECTOR = YES;
				GCC_WARN_UNINITIALIZED_AUTOS = YES_AGGRESSIVE;
				GCC_WARN_UNUSED_FUNCTION = YES;
				GCC_WARN_UNUSED_VARIABLE = YES;
				IPHONEOS_DEPLOYMENT_TARGET = 17.4;
				LOCALIZATION_PREFERS_STRING_CATALOGS = YES;
				MTL_ENABLE_DEBUG_INFO = INCLUDE_SOURCE;
				MTL_FAST_MATH = YES;
				ONLY_ACTIVE_ARCH = YES;
				SDKROOT = iphoneos;
				SWIFT_ACTIVE_COMPILATION_CONDITIONS = "DEBUG $(inherited)";
				SWIFT_OPTIMIZATION_LEVEL = "-Onone";
			};
			name = Debug;
		};
		5454D7522BDBC674009E4685 /* Release */ = {
			isa = XCBuildConfiguration;
			buildSettings = {
				ALWAYS_SEARCH_USER_PATHS = NO;
				ASSETCATALOG_COMPILER_GENERATE_SWIFT_ASSET_SYMBOL_EXTENSIONS = YES;
				CLANG_ANALYZER_NONNULL = YES;
				CLANG_ANALYZER_NUMBER_OBJECT_CONVERSION = YES_AGGRESSIVE;
				CLANG_CXX_LANGUAGE_STANDARD = "gnu++20";
				CLANG_ENABLE_MODULES = YES;
				CLANG_ENABLE_OBJC_ARC = YES;
				CLANG_ENABLE_OBJC_WEAK = YES;
				CLANG_WARN_BLOCK_CAPTURE_AUTORELEASING = YES;
				CLANG_WARN_BOOL_CONVERSION = YES;
				CLANG_WARN_COMMA = YES;
				CLANG_WARN_CONSTANT_CONVERSION = YES;
				CLANG_WARN_DEPRECATED_OBJC_IMPLEMENTATIONS = YES;
				CLANG_WARN_DIRECT_OBJC_ISA_USAGE = YES_ERROR;
				CLANG_WARN_DOCUMENTATION_COMMENTS = YES;
				CLANG_WARN_EMPTY_BODY = YES;
				CLANG_WARN_ENUM_CONVERSION = YES;
				CLANG_WARN_INFINITE_RECURSION = YES;
				CLANG_WARN_INT_CONVERSION = YES;
				CLANG_WARN_NON_LITERAL_NULL_CONVERSION = YES;
				CLANG_WARN_OBJC_IMPLICIT_RETAIN_SELF = YES;
				CLANG_WARN_OBJC_LITERAL_CONVERSION = YES;
				CLANG_WARN_OBJC_ROOT_CLASS = YES_ERROR;
				CLANG_WARN_QUOTED_INCLUDE_IN_FRAMEWORK_HEADER = YES;
				CLANG_WARN_RANGE_LOOP_ANALYSIS = YES;
				CLANG_WARN_STRICT_PROTOTYPES = YES;
				CLANG_WARN_SUSPICIOUS_MOVE = YES;
				CLANG_WARN_UNGUARDED_AVAILABILITY = YES_AGGRESSIVE;
				CLANG_WARN_UNREACHABLE_CODE = YES;
				CLANG_WARN__DUPLICATE_METHOD_MATCH = YES;
				COPY_PHASE_STRIP = NO;
				DEBUG_INFORMATION_FORMAT = "dwarf-with-dsym";
				ENABLE_NS_ASSERTIONS = NO;
				ENABLE_STRICT_OBJC_MSGSEND = YES;
				ENABLE_USER_SCRIPT_SANDBOXING = YES;
				GCC_C_LANGUAGE_STANDARD = gnu17;
				GCC_NO_COMMON_BLOCKS = YES;
				GCC_WARN_64_TO_32_BIT_CONVERSION = YES;
				GCC_WARN_ABOUT_RETURN_TYPE = YES_ERROR;
				GCC_WARN_UNDECLARED_SELECTOR = YES;
				GCC_WARN_UNINITIALIZED_AUTOS = YES_AGGRESSIVE;
				GCC_WARN_UNUSED_FUNCTION = YES;
				GCC_WARN_UNUSED_VARIABLE = YES;
				IPHONEOS_DEPLOYMENT_TARGET = 17.4;
				LOCALIZATION_PREFERS_STRING_CATALOGS = YES;
				MTL_ENABLE_DEBUG_INFO = NO;
				MTL_FAST_MATH = YES;
				SDKROOT = iphoneos;
				SWIFT_COMPILATION_MODE = wholemodule;
				VALIDATE_PRODUCT = YES;
			};
			name = Release;
		};
		5454D7542BDBC674009E4685 /* Debug */ = {
			isa = XCBuildConfiguration;
			buildSettings = {
				ASSETCATALOG_COMPILER_APPICON_NAME = AppIcon;
				ASSETCATALOG_COMPILER_GLOBAL_ACCENT_COLOR_NAME = AccentColor;
				CODE_SIGN_STYLE = Automatic;
				CURRENT_PROJECT_VERSION = 1;
				DEVELOPMENT_TEAM = 9W625278YK;
				GENERATE_INFOPLIST_FILE = YES;
				INFOPLIST_FILE = MyChat/Info.plist;
				INFOPLIST_KEY_UIApplicationSupportsIndirectInputEvents = YES;
				INFOPLIST_KEY_UILaunchStoryboardName = LaunchScreen;
				INFOPLIST_KEY_UISupportedInterfaceOrientations_iPad = "UIInterfaceOrientationPortrait UIInterfaceOrientationPortraitUpsideDown UIInterfaceOrientationLandscapeLeft UIInterfaceOrientationLandscapeRight";
				INFOPLIST_KEY_UISupportedInterfaceOrientations_iPhone = "UIInterfaceOrientationPortrait UIInterfaceOrientationLandscapeLeft UIInterfaceOrientationLandscapeRight";
				IPHONEOS_DEPLOYMENT_TARGET = 17.2;
				LD_RUNPATH_SEARCH_PATHS = (
					"$(inherited)",
					"@executable_path/Frameworks",
				);
				MARKETING_VERSION = 1.0;
				PRODUCT_BUNDLE_IDENTIFIER = Nezgovorov.MyChat;
				PRODUCT_NAME = "$(TARGET_NAME)";
				SWIFT_EMIT_LOC_STRINGS = YES;
				SWIFT_VERSION = 5.0;
				TARGETED_DEVICE_FAMILY = "1,2";
			};
			name = Debug;
		};
		5454D7552BDBC674009E4685 /* Release */ = {
			isa = XCBuildConfiguration;
			buildSettings = {
				ASSETCATALOG_COMPILER_APPICON_NAME = AppIcon;
				ASSETCATALOG_COMPILER_GLOBAL_ACCENT_COLOR_NAME = AccentColor;
				CODE_SIGN_STYLE = Automatic;
				CURRENT_PROJECT_VERSION = 1;
				DEVELOPMENT_TEAM = 9W625278YK;
				GENERATE_INFOPLIST_FILE = YES;
				INFOPLIST_FILE = MyChat/Info.plist;
				INFOPLIST_KEY_UIApplicationSupportsIndirectInputEvents = YES;
				INFOPLIST_KEY_UILaunchStoryboardName = LaunchScreen;
				INFOPLIST_KEY_UISupportedInterfaceOrientations_iPad = "UIInterfaceOrientationPortrait UIInterfaceOrientationPortraitUpsideDown UIInterfaceOrientationLandscapeLeft UIInterfaceOrientationLandscapeRight";
				INFOPLIST_KEY_UISupportedInterfaceOrientations_iPhone = "UIInterfaceOrientationPortrait UIInterfaceOrientationLandscapeLeft UIInterfaceOrientationLandscapeRight";
				IPHONEOS_DEPLOYMENT_TARGET = 17.2;
				LD_RUNPATH_SEARCH_PATHS = (
					"$(inherited)",
					"@executable_path/Frameworks",
				);
				MARKETING_VERSION = 1.0;
				PRODUCT_BUNDLE_IDENTIFIER = Nezgovorov.MyChat;
				PRODUCT_NAME = "$(TARGET_NAME)";
				SWIFT_EMIT_LOC_STRINGS = YES;
				SWIFT_VERSION = 5.0;
				TARGETED_DEVICE_FAMILY = "1,2";
			};
			name = Release;
		};
/* End XCBuildConfiguration section */

/* Begin XCConfigurationList section */
		5454D73A2BDBC672009E4685 /* Build configuration list for PBXProject "MyChat" */ = {
			isa = XCConfigurationList;
			buildConfigurations = (
				5454D7512BDBC674009E4685 /* Debug */,
				5454D7522BDBC674009E4685 /* Release */,
			);
			defaultConfigurationIsVisible = 0;
			defaultConfigurationName = Release;
		};
		5454D7532BDBC674009E4685 /* Build configuration list for PBXNativeTarget "MyChat" */ = {
			isa = XCConfigurationList;
			buildConfigurations = (
				5454D7542BDBC674009E4685 /* Debug */,
				5454D7552BDBC674009E4685 /* Release */,
			);
			defaultConfigurationIsVisible = 0;
			defaultConfigurationName = Release;
		};
/* End XCConfigurationList section */
	};
	rootObject = 5454D7372BDBC672009E4685 /* Project object */;
}
